{
  "originHash" : "9b156b63fa81f5909f1c0f8b962f0e1e5db34fa04faac23475ae849647cb8906",
  "pins" : [
    {
      "identity" : "sdwebimage",
      "kind" : "remoteSourceControl",
      "location" : "https://github.com/SDWebImage/SDWebImage",
      "state" : {
        "revision" : "10d06f6a33bafae8c164fbfd1f03391f6d4692b3",
        "version" : "5.20.0"
      }
    },
    {
      "identity" : "vkid-ios-sdk",
      "kind" : "remoteSourceControl",
      "location" : "https://github.com/VKCOM/vkid-ios-sdk.git",
      "state" : {
        "revision" : "70d4eb5dc3c98fc09aef303d628272c8e314b8cd",
        "version" : "2.3.1"
      }
    }
  ],
  "version" : 3
}
